
Microsoft Visual Studio Solution File, Format Version 12.00
# Visual Studio Version 16
VisualStudioVersion = 16.0.30320.27
MinimumVisualStudioVersion = 10.0.40219.1
Project("{FAE04EC0-301F-11D3-BF4B-00C04F79EFBC}") = "GeneralStoreAPI_Demo", "GeneralStoreAPI_Demo\GeneralStoreAPI_Demo.csproj", "{8637E072-C38A-440B-A0B4-5A9778FD9F99}"
EndProject
Global
	GlobalSection(SolutionConfigurationPlatforms) = preSolution
		Debug|Any CPU = Debug|Any CPU
		Release|Any CPU = Release|Any CPU
	EndGlobalSection
	GlobalSection(ProjectConfigurationPlatforms) = postSolution
		{8637E072-C38A-440B-A0B4-5A9778FD9F99}.Debug|Any CPU.ActiveCfg = Debug|Any CPU
		{8637E072-C38A-440B-A0B4-5A9778FD9F99}.Debug|Any CPU.Build.0 = Debug|Any CPU
		{8637E072-C38A-440B-A0B4-5A9778FD9F99}.Release|Any CPU.ActiveCfg = Release|Any CPU
		{8637E072-C38A-440B-A0B4-5A9778FD9F99}.Release|Any CPU.Build.0 = Release|Any CPU
	EndGlobalSection
	GlobalSection(SolutionProperties) = preSolution
		HideSolutionNode = FALSE
	EndGlobalSection
	GlobalSection(ExtensibilityGlobals) = postSolution
		SolutionGuid = {DA3BC5F2-B666-44F8-B85D-39D3077236F2}
	EndGlobalSection
EndGlobal
